
Microsoft Visual Studio Solution File, Format Version 12.00
# Visual Studio Version 17
VisualStudioVersion = 17.4.33205.214
MinimumVisualStudioVersion = 10.0.40219.1
Project("{F2A71F9B-5D33-465A-A702-920D77279786}") = "FSXScriptInterpreter", "FSXScriptInterpreter\FSXScriptInterpreter.fsproj", "{AEF564DF-7CE9-4BA6-ABB0-1FEF298727D7}"
EndProject
Project("{FAE04EC0-301F-11D3-BF4B-00C04F79EFBC}") = "FSXScript.Editor", "FSXScript.Editor\FSXScript.Editor.csproj", "{DFFD3569-FFB5-4FC9-801C-528B9C5771AF}"
EndProject
Project("{FAE04EC0-301F-11D3-BF4B-00C04F79EFBC}") = "Godot.Bindings", "godot-dotnet\src\Godot.Bindings\Godot.Bindings.csproj", "{9CD33A9D-B88C-4F6F-B6CF-DA653C61A2B9}"
EndProject
Project("{FAE04EC0-301F-11D3-BF4B-00C04F79EFBC}") = "Godot.BindingsGenerator", "godot-dotnet\src\Godot.BindingsGenerator\Godot.BindingsGenerator.csproj", "{C9895DB7-E257-4F01-BC31-BCFDDA18909F}"
EndProject
Project("{FAE04EC0-301F-11D3-BF4B-00C04F79EFBC}") = "Godot.BindingsGenerator.ApiDump", "godot-dotnet\src\Godot.BindingsGenerator.ApiDump\Godot.BindingsGenerator.ApiDump.csproj", "{3DED75CE-DC1D-44E5-9B01-85ECCF522611}"
EndProject
Project("{FAE04EC0-301F-11D3-BF4B-00C04F79EFBC}") = "Godot.BindingsGenerator.Reflection", "godot-dotnet\src\Godot.BindingsGenerator.Reflection\Godot.BindingsGenerator.Reflection.csproj", "{8557306E-5635-4792-A104-27CCC8A152EA}"
EndProject
Project("{FAE04EC0-301F-11D3-BF4B-00C04F79EFBC}") = "Godot.SourceGenerators", "godot-dotnet\src\Godot.SourceGenerators\Godot.SourceGenerators.csproj", "{59014A0D-4EB6-4985-AEB7-95CD24F86209}"
EndProject
Project("{F2A71F9B-5D33-465A-A702-920D77279786}") = "FSXScriptLanguage", "FSXScriptLanguage\FSXScriptLanguage.fsproj", "{F6762342-43CF-4BD8-B734-0AE58CB5AC3B}"
EndProject
Project("{FAE04EC0-301F-11D3-BF4B-00C04F79EFBC}") = "LspService", "LspService\LspService.csproj", "{C47861D0-8018-4642-8124-21A9B4391E54}"
EndProject
Project("{FAE04EC0-301F-11D3-BF4B-00C04F79EFBC}") = "GodotSharpGDExtension", "demo\GodotSharpGDExtension.csproj", "{B1B9D287-1DFD-47EF-A14A-7669A7173D29}"
EndProject
Global
	GlobalSection(SolutionConfigurationPlatforms) = preSolution
		Debug|Any CPU = Debug|Any CPU
		Release|Any CPU = Release|Any CPU
	EndGlobalSection
	GlobalSection(ProjectConfigurationPlatforms) = postSolution
		{AEF564DF-7CE9-4BA6-ABB0-1FEF298727D7}.Debug|Any CPU.ActiveCfg = Debug|Any CPU
		{AEF564DF-7CE9-4BA6-ABB0-1FEF298727D7}.Debug|Any CPU.Build.0 = Debug|Any CPU
		{AEF564DF-7CE9-4BA6-ABB0-1FEF298727D7}.Release|Any CPU.ActiveCfg = Release|Any CPU
		{AEF564DF-7CE9-4BA6-ABB0-1FEF298727D7}.Release|Any CPU.Build.0 = Release|Any CPU
		{DFFD3569-FFB5-4FC9-801C-528B9C5771AF}.Debug|Any CPU.ActiveCfg = Debug|Any CPU
		{DFFD3569-FFB5-4FC9-801C-528B9C5771AF}.Debug|Any CPU.Build.0 = Debug|Any CPU
		{DFFD3569-FFB5-4FC9-801C-528B9C5771AF}.Release|Any CPU.ActiveCfg = Release|Any CPU
		{DFFD3569-FFB5-4FC9-801C-528B9C5771AF}.Release|Any CPU.Build.0 = Release|Any CPU
		{9CD33A9D-B88C-4F6F-B6CF-DA653C61A2B9}.Debug|Any CPU.ActiveCfg = Debug|Any CPU
		{9CD33A9D-B88C-4F6F-B6CF-DA653C61A2B9}.Debug|Any CPU.Build.0 = Debug|Any CPU
		{9CD33A9D-B88C-4F6F-B6CF-DA653C61A2B9}.Release|Any CPU.ActiveCfg = Release|Any CPU
		{9CD33A9D-B88C-4F6F-B6CF-DA653C61A2B9}.Release|Any CPU.Build.0 = Release|Any CPU
		{C9895DB7-E257-4F01-BC31-BCFDDA18909F}.Debug|Any CPU.ActiveCfg = Debug|Any CPU
		{C9895DB7-E257-4F01-BC31-BCFDDA18909F}.Debug|Any CPU.Build.0 = Debug|Any CPU
		{C9895DB7-E257-4F01-BC31-BCFDDA18909F}.Release|Any CPU.ActiveCfg = Release|Any CPU
		{C9895DB7-E257-4F01-BC31-BCFDDA18909F}.Release|Any CPU.Build.0 = Release|Any CPU
		{3DED75CE-DC1D-44E5-9B01-85ECCF522611}.Debug|Any CPU.ActiveCfg = Debug|Any CPU
		{3DED75CE-DC1D-44E5-9B01-85ECCF522611}.Debug|Any CPU.Build.0 = Debug|Any CPU
		{3DED75CE-DC1D-44E5-9B01-85ECCF522611}.Release|Any CPU.ActiveCfg = Release|Any CPU
		{3DED75CE-DC1D-44E5-9B01-85ECCF522611}.Release|Any CPU.Build.0 = Release|Any CPU
		{8557306E-5635-4792-A104-27CCC8A152EA}.Debug|Any CPU.ActiveCfg = Debug|Any CPU
		{8557306E-5635-4792-A104-27CCC8A152EA}.Debug|Any CPU.Build.0 = Debug|Any CPU
		{8557306E-5635-4792-A104-27CCC8A152EA}.Release|Any CPU.ActiveCfg = Release|Any CPU
		{8557306E-5635-4792-A104-27CCC8A152EA}.Release|Any CPU.Build.0 = Release|Any CPU
		{59014A0D-4EB6-4985-AEB7-95CD24F86209}.Debug|Any CPU.ActiveCfg = Debug|Any CPU
		{59014A0D-4EB6-4985-AEB7-95CD24F86209}.Debug|Any CPU.Build.0 = Debug|Any CPU
		{59014A0D-4EB6-4985-AEB7-95CD24F86209}.Release|Any CPU.ActiveCfg = Release|Any CPU
		{59014A0D-4EB6-4985-AEB7-95CD24F86209}.Release|Any CPU.Build.0 = Release|Any CPU
		{F6762342-43CF-4BD8-B734-0AE58CB5AC3B}.Debug|Any CPU.ActiveCfg = Debug|Any CPU
		{F6762342-43CF-4BD8-B734-0AE58CB5AC3B}.Debug|Any CPU.Build.0 = Debug|Any CPU
		{F6762342-43CF-4BD8-B734-0AE58CB5AC3B}.Release|Any CPU.ActiveCfg = Release|Any CPU
		{F6762342-43CF-4BD8-B734-0AE58CB5AC3B}.Release|Any CPU.Build.0 = Release|Any CPU
		{C47861D0-8018-4642-8124-21A9B4391E54}.Debug|Any CPU.ActiveCfg = Debug|Any CPU
		{C47861D0-8018-4642-8124-21A9B4391E54}.Debug|Any CPU.Build.0 = Debug|Any CPU
		{C47861D0-8018-4642-8124-21A9B4391E54}.Release|Any CPU.ActiveCfg = Release|Any CPU
		{C47861D0-8018-4642-8124-21A9B4391E54}.Release|Any CPU.Build.0 = Release|Any CPU
		{B1B9D287-1DFD-47EF-A14A-7669A7173D29}.Debug|Any CPU.ActiveCfg = Debug|Any CPU
		{B1B9D287-1DFD-47EF-A14A-7669A7173D29}.Debug|Any CPU.Build.0 = Debug|Any CPU
		{B1B9D287-1DFD-47EF-A14A-7669A7173D29}.Release|Any CPU.ActiveCfg = Debug|Any CPU
		{B1B9D287-1DFD-47EF-A14A-7669A7173D29}.Release|Any CPU.Build.0 = Debug|Any CPU
	EndGlobalSection
	GlobalSection(SolutionProperties) = preSolution
		HideSolutionNode = FALSE
	EndGlobalSection
	GlobalSection(ExtensibilityGlobals) = postSolution
		SolutionGuid = {F5A32E29-BA17-4929-AB0D-C0C6DECC31A8}
	EndGlobalSection
	GlobalSection(NestedProjects) = preSolution
	EndGlobalSection
EndGlobal
